
Microsoft Visual Studio Solution File, Format Version 12.00
# Visual Studio Version 16
VisualStudioVersion = 16.0.30517.126
MinimumVisualStudioVersion = 10.0.40219.1
Project("{9A19103F-16F7-4668-BE54-9A1E7A4F7556}") = "MinefieldTurtle", "MinefieldTurtle\MinefieldTurtle.csproj", "{8B920449-8E10-4A29-B4F7-64F269B0846F}"
EndProject
Project("{9A19103F-16F7-4668-BE54-9A1E7A4F7556}") = "MinefieldTurtle.UnitTests", "MinefieldTurtle.UnitTests\MinefieldTurtle.UnitTests.csproj", "{A5325C9E-A76A-4046-87BA-18E403E6B88A}"
EndProject
Global
	GlobalSection(SolutionConfigurationPlatforms) = preSolution
		Debug|Any CPU = Debug|Any CPU
		Debug|x64 = Debug|x64
		Release|Any CPU = Release|Any CPU
		Release|x64 = Release|x64
	EndGlobalSection
	GlobalSection(ProjectConfigurationPlatforms) = postSolution
		{8B920449-8E10-4A29-B4F7-64F269B0846F}.Debug|Any CPU.ActiveCfg = Debug|Any CPU
		{8B920449-8E10-4A29-B4F7-64F269B0846F}.Debug|Any CPU.Build.0 = Debug|Any CPU
		{8B920449-8E10-4A29-B4F7-64F269B0846F}.Debug|x64.ActiveCfg = Debug|Any CPU
		{8B920449-8E10-4A29-B4F7-64F269B0846F}.Debug|x64.Build.0 = Debug|Any CPU
		{8B920449-8E10-4A29-B4F7-64F269B0846F}.Release|Any CPU.ActiveCfg = Release|Any CPU
		{8B920449-8E10-4A29-B4F7-64F269B0846F}.Release|Any CPU.Build.0 = Release|Any CPU
		{8B920449-8E10-4A29-B4F7-64F269B0846F}.Release|x64.ActiveCfg = Release|Any CPU
		{8B920449-8E10-4A29-B4F7-64F269B0846F}.Release|x64.Build.0 = Release|Any CPU
		{A5325C9E-A76A-4046-87BA-18E403E6B88A}.Debug|Any CPU.ActiveCfg = Debug|Any CPU
		{A5325C9E-A76A-4046-87BA-18E403E6B88A}.Debug|Any CPU.Build.0 = Debug|Any CPU
		{A5325C9E-A76A-4046-87BA-18E403E6B88A}.Debug|x64.ActiveCfg = Debug|Any CPU
		{A5325C9E-A76A-4046-87BA-18E403E6B88A}.Debug|x64.Build.0 = Debug|Any CPU
		{A5325C9E-A76A-4046-87BA-18E403E6B88A}.Release|Any CPU.ActiveCfg = Release|Any CPU
		{A5325C9E-A76A-4046-87BA-18E403E6B88A}.Release|Any CPU.Build.0 = Release|Any CPU
		{A5325C9E-A76A-4046-87BA-18E403E6B88A}.Release|x64.ActiveCfg = Release|Any CPU
		{A5325C9E-A76A-4046-87BA-18E403E6B88A}.Release|x64.Build.0 = Release|Any CPU
	EndGlobalSection
	GlobalSection(SolutionProperties) = preSolution
		HideSolutionNode = FALSE
	EndGlobalSection
	GlobalSection(ExtensibilityGlobals) = postSolution
		SolutionGuid = {CAA60069-3D0C-4A20-BAFD-750A83FE8A95}
	EndGlobalSection
EndGlobal
